// !$*UTF8*$!
{
	archiveVersion = 1;
	classes = {
	};
	objectVersion = 77;
	objects = {

/* Begin PBXContainerItemProxy section */
		D8A3DBC82DC3B9DF00A57F75 /* PBXContainerItemProxy */ = {
			isa = PBXContainerItemProxy;
			containerPortal = D8A3DBB12DC3B9DD00A57F75 /* Project object */;
			proxyType = 1;
			remoteGlobalIDString = D8A3DBB82DC3B9DD00A57F75;
			remoteInfo = "Always On Top Timer";
		};
		D8A3DBD22DC3B9DF00A57F75 /* PBXContainerItemProxy */ = {
			isa = PBXContainerItemProxy;
			containerPortal = D8A3DBB12DC3B9DD00A57F75 /* Project object */;
			proxyType = 1;
			remoteGlobalIDString = D8A3DBB82DC3B9DD00A57F75;
			remoteInfo = "Always On Top Timer";
		};
/* End PBXContainerItemProxy section */

/* Begin PBXFileReference section */
		D8A3DBB92DC3B9DD00A57F75 /* Always On Top Timer.app */ = {isa = PBXFileReference; explicitFileType = wrapper.application; includeInIndex = 0; path = "Always On Top Timer.app"; sourceTree = BUILT_PRODUCTS_DIR; };
		D8A3DBC72DC3B9DF00A57F75 /* Always On Top TimerTests.xctest */ = {isa = PBXFileReference; explicitFileType = wrapper.cfbundle; includeInIndex = 0; path = "Always On Top TimerTests.xctest"; sourceTree = BUILT_PRODUCTS_DIR; };
		D8A3DBD12DC3B9DF00A57F75 /* Always On Top TimerUITests.xctest */ = {isa = PBXFileReference; explicitFileType = wrapper.cfbundle; includeInIndex = 0; path = "Always On Top TimerUITests.xctest"; sourceTree = BUILT_PRODUCTS_DIR; };
/* End PBXFileReference section */

/* Begin PBXFileSystemSynchronizedRootGroup section */
		D8A3DBBB2DC3B9DD00A57F75 /* Always On Top Timer */ = {
			isa = PBXFileSystemSynchronizedRootGroup;
			path = "Always On Top Timer";
			sourceTree = "<group>";
		};
		D8A3DBCA2DC3B9DF00A57F75 /* Always On Top TimerTests */ = {
			isa = PBXFileSystemSynchronizedRootGroup;
			path = "Always On Top TimerTests";
			sourceTree = "<group>";
		};
		D8A3DBD42DC3B9DF00A57F75 /* Always On Top TimerUITests */ = {
			isa = PBXFileSystemSynchronizedRootGroup;
			path = "Always On Top TimerUITests";
			sourceTree = "<group>";
		};
/* End PBXFileSystemSynchronizedRootGroup section */

/* Begin PBXFrameworksBuildPhase section */
		D8A3DBB62DC3B9DD00A57F75 /* Frameworks */ = {
			isa = PBXFrameworksBuildPhase;
			buildActionMask = 2147483647;
			files = (
			);
			runOnlyForDeploymentPostprocessing = 0;
		};
		D8A3DBC42DC3B9DF00A57F75 /* Frameworks */ = {
			isa = PBXFrameworksBuildPhase;
			buildActionMask = 2147483647;
			files = (
			);
			runOnlyForDeploymentPostprocessing = 0;
		};
		D8A3DBCE2DC3B9DF00A57F75 /* Frameworks */ = {
			isa = PBXFrameworksBuildPhase;
			buildActionMask = 2147483647;
			files = (
			);
			runOnlyForDeploymentPostprocessing = 0;
		};
/* End PBXFrameworksBuildPhase section */

/* Begin PBXGroup section */
		D8A3DBB02DC3B9DD00A57F75 = {
			isa = PBXGroup;
			children = (
				D8A3DBBB2DC3B9DD00A57F75 /* Always On Top Timer */,
				D8A3DBCA2DC3B9DF00A57F75 /* Always On Top TimerTests */,
				D8A3DBD42DC3B9DF00A57F75 /* Always On Top TimerUITests */,
				D8A3DBBA2DC3B9DD00A57F75 /* Products */,
			);
			sourceTree = "<group>";
		};
		D8A3DBBA2DC3B9DD00A57F75 /* Products */ = {
			isa = PBXGroup;
			children = (
				D8A3DBB92DC3B9DD00A57F75 /* Always On Top Timer.app */,
				D8A3DBC72DC3B9DF00A57F75 /* Always On Top TimerTests.xctest */,
				D8A3DBD12DC3B9DF00A57F75 /* Always On Top TimerUITests.xctest */,
			);
			name = Products;
			sourceTree = "<group>";
		};
/* End PBXGroup section */

/* Begin PBXNativeTarget section */
		D8A3DBB82DC3B9DD00A57F75 /* Always On Top Timer */ = {
			isa = PBXNativeTarget;
			buildConfigurationList = D8A3DBDB2DC3B9DF00A57F75 /* Build configuration list for PBXNativeTarget "Always On Top Timer" */;
			buildPhases = (
				D8A3DBB52DC3B9DD00A57F75 /* Sources */,
				D8A3DBB62DC3B9DD00A57F75 /* Frameworks */,
				D8A3DBB72DC3B9DD00A57F75 /* Resources */,
			);
			buildRules = (
			);
			dependencies = (
			);
			fileSystemSynchronizedGroups = (
				D8A3DBBB2DC3B9DD00A57F75 /* Always On Top Timer */,
			);
			name = "Always On Top Timer";
			packageProductDependencies = (
			);
			productName = "Always On Top Timer";
			productReference = D8A3DBB92DC3B9DD00A57F75 /* Always On Top Timer.app */;
			productType = "com.apple.product-type.application";
		};
		D8A3DBC62DC3B9DF00A57F75 /* Always On Top TimerTests */ = {
			isa = PBXNativeTarget;
			buildConfigurationList = D8A3DBDE2DC3B9DF00A57F75 /* Build configuration list for PBXNativeTarget "Always On Top TimerTests" */;
			buildPhases = (
				D8A3DBC32DC3B9DF00A57F75 /* Sources */,
				D8A3DBC42DC3B9DF00A57F75 /* Frameworks */,
				D8A3DBC52DC3B9DF00A57F75 /* Resources */,
			);
			buildRules = (
			);
			dependencies = (
				D8A3DBC92DC3B9DF00A57F75 /* PBXTargetDependency */,
			);
			fileSystemSynchronizedGroups = (
				D8A3DBCA2DC3B9DF00A57F75 /* Always On Top TimerTests */,
			);
			name = "Always On Top TimerTests";
			packageProductDependencies = (
			);
			productName = "Always On Top TimerTests";
			productReference = D8A3DBC72DC3B9DF00A57F75 /* Always On Top TimerTests.xctest */;
			productType = "com.apple.product-type.bundle.unit-test";
		};
		D8A3DBD02DC3B9DF00A57F75 /* Always On Top TimerUITests */ = {
			isa = PBXNativeTarget;
			buildConfigurationList = D8A3DBE12DC3B9DF00A57F75 /* Build configuration list for PBXNativeTarget "Always On Top TimerUITests" */;
			buildPhases = (
				D8A3DBCD2DC3B9DF00A57F75 /* Sources */,
				D8A3DBCE2DC3B9DF00A57F75 /* Frameworks */,
				D8A3DBCF2DC3B9DF00A57F75 /* Resources */,
			);
			buildRules = (
			);
			dependencies = (
				D8A3DBD32DC3B9DF00A57F75 /* PBXTargetDependency */,
			);
			fileSystemSynchronizedGroups = (
				D8A3DBD42DC3B9DF00A57F75 /* Always On Top TimerUITests */,
			);
			name = "Always On Top TimerUITests";
			packageProductDependencies = (
			);
			productName = "Always On Top TimerUITests";
			productReference = D8A3DBD12DC3B9DF00A57F75 /* Always On Top TimerUITests.xctest */;
			productType = "com.apple.product-type.bundle.ui-testing";
		};
/* End PBXNativeTarget section */

/* Begin PBXProject section */
		D8A3DBB12DC3B9DD00A57F75 /* Project object */ = {
			isa = PBXProject;
			attributes = {
				BuildIndependentTargetsInParallel = 1;
				LastSwiftUpdateCheck = 1630;
				LastUpgradeCheck = 1630;
				TargetAttributes = {
					D8A3DBB82DC3B9DD00A57F75 = {
						CreatedOnToolsVersion = 16.3;
					};
					D8A3DBC62DC3B9DF00A57F75 = {
						CreatedOnToolsVersion = 16.3;
						TestTargetID = D8A3DBB82DC3B9DD00A57F75;
					};
					D8A3DBD02DC3B9DF00A57F75 = {
						CreatedOnToolsVersion = 16.3;
						TestTargetID = D8A3DBB82DC3B9DD00A57F75;
					};
				};
			};
			buildConfigurationList = D8A3DBB42DC3B9DD00A57F75 /* Build configuration list for PBXProject "Always On Top Timer" */;
			developmentRegion = en;
			hasScannedForEncodings = 0;
			knownRegions = (
				en,
				Base,
			);
			mainGroup = D8A3DBB02DC3B9DD00A57F75;
			minimizedProjectReferenceProxies = 1;
			preferredProjectObjectVersion = 77;
			productRefGroup = D8A3DBBA2DC3B9DD00A57F75 /* Products */;
			projectDirPath = "";
			projectRoot = "";
			targets = (
				D8A3DBB82DC3B9DD00A57F75 /* Always On Top Timer */,
				D8A3DBC62DC3B9DF00A57F75 /* Always On Top TimerTests */,
				D8A3DBD02DC3B9DF00A57F75 /* Always On Top TimerUITests */,
			);
		};
/* End PBXProject section */

/* Begin PBXResourcesBuildPhase section */
		D8A3DBB72DC3B9DD00A57F75 /* Resources */ = {
			isa = PBXResourcesBuildPhase;
			buildActionMask = 2147483647;
			files = (
			);
			runOnlyForDeploymentPostprocessing = 0;
		};
		D8A3DBC52DC3B9DF00A57F75 /* Resources */ = {
			isa = PBXResourcesBuildPhase;
			buildActionMask = 2147483647;
			files = (
			);
			runOnlyForDeploymentPostprocessing = 0;
		};
		D8A3DBCF2DC3B9DF00A57F75 /* Resources */ = {
			isa = PBXResourcesBuildPhase;
			buildActionMask = 2147483647;
			files = (
			);
			runOnlyForDeploymentPostprocessing = 0;
		};
/* End PBXResourcesBuildPhase section */

/* Begin PBXSourcesBuildPhase section */
		D8A3DBB52DC3B9DD00A57F75 /* Sources */ = {
			isa = PBXSourcesBuildPhase;
			buildActionMask = 2147483647;
			files = (
			);
			runOnlyForDeploymentPostprocessing = 0;
		};
		D8A3DBC32DC3B9DF00A57F75 /* Sources */ = {
			isa = PBXSourcesBuildPhase;
			buildActionMask = 2147483647;
			files = (
			);
			runOnlyForDeploymentPostprocessing = 0;
		};
		D8A3DBCD2DC3B9DF00A57F75 /* Sources */ = {
			isa = PBXSourcesBuildPhase;
			buildActionMask = 2147483647;
			files = (
			);
			runOnlyForDeploymentPostprocessing = 0;
		};
/* End PBXSourcesBuildPhase section */

/* Begin PBXTargetDependency section */
		D8A3DBC92DC3B9DF00A57F75 /* PBXTargetDependency */ = {
			isa = PBXTargetDependency;
			target = D8A3DBB82DC3B9DD00A57F75 /* Always On Top Timer */;
			targetProxy = D8A3DBC82DC3B9DF00A57F75 /* PBXContainerItemProxy */;
		};
		D8A3DBD32DC3B9DF00A57F75 /* PBXTargetDependency */ = {
			isa = PBXTargetDependency;
			target = D8A3DBB82DC3B9DD00A57F75 /* Always On Top Timer */;
			targetProxy = D8A3DBD22DC3B9DF00A57F75 /* PBXContainerItemProxy */;
		};
/* End PBXTargetDependency section */

/* Begin XCBuildConfiguration section */
		D8A3DBD92DC3B9DF00A57F75 /* Debug */ = {
			isa = XCBuildConfiguration;
			buildSettings = {
				ALWAYS_SEARCH_USER_PATHS = NO;
				ASSETCATALOG_COMPILER_GENERATE_SWIFT_ASSET_SYMBOL_EXTENSIONS = YES;
				CLANG_ANALYZER_NONNULL = YES;
				CLANG_ANALYZER_NUMBER_OBJECT_CONVERSION = YES_AGGRESSIVE;
				CLANG_CXX_LANGUAGE_STANDARD = "gnu++20";
				CLANG_ENABLE_MODULES = YES;
				CLANG_ENABLE_OBJC_ARC = YES;
				CLANG_ENABLE_OBJC_WEAK = YES;
				CLANG_WARN_BLOCK_CAPTURE_AUTORELEASING = YES;
				CLANG_WARN_BOOL_CONVERSION = YES;
				CLANG_WARN_COMMA = YES;
				CLANG_WARN_CONSTANT_CONVERSION = YES;
				CLANG_WARN_DEPRECATED_OBJC_IMPLEMENTATIONS = YES;
				CLANG_WARN_DIRECT_OBJC_ISA_USAGE = YES_ERROR;
				CLANG_WARN_DOCUMENTATION_COMMENTS = YES;
				CLANG_WARN_EMPTY_BODY = YES;
				CLANG_WARN_ENUM_CONVERSION = YES;
				CLANG_WARN_INFINITE_RECURSION = YES;
				CLANG_WARN_INT_CONVERSION = YES;
				CLANG_WARN_NON_LITERAL_NULL_CONVERSION = YES;
				CLANG_WARN_OBJC_IMPLICIT_RETAIN_SELF = YES;
				CLANG_WARN_OBJC_LITERAL_CONVERSION = YES;
				CLANG_WARN_OBJC_ROOT_CLASS = YES_ERROR;
				CLANG_WARN_QUOTED_INCLUDE_IN_FRAMEWORK_HEADER = YES;
				CLANG_WARN_RANGE_LOOP_ANALYSIS = YES;
				CLANG_WARN_STRICT_PROTOTYPES = YES;
				CLANG_WARN_SUSPICIOUS_MOVE = YES;
				CLANG_WARN_UNGUARDED_AVAILABILITY = YES_AGGRESSIVE;
				CLANG_WARN_UNREACHABLE_CODE = YES;
				CLANG_WARN__DUPLICATE_METHOD_MATCH = YES;
				COPY_PHASE_STRIP = NO;
				DEBUG_INFORMATION_FORMAT = dwarf;
				ENABLE_STRICT_OBJC_MSGSEND = YES;
				ENABLE_TESTABILITY = YES;
				ENABLE_USER_SCRIPT_SANDBOXING = YES;
				GCC_C_LANGUAGE_STANDARD = gnu17;
				GCC_DYNAMIC_NO_PIC = NO;
				GCC_NO_COMMON_BLOCKS = YES;
				GCC_OPTIMIZATION_LEVEL = 0;
				GCC_PREPROCESSOR_DEFINITIONS = (
					"DEBUG=1",
					"$(inherited)",
				);
				GCC_WARN_64_TO_32_BIT_CONVERSION = YES;
				GCC_WARN_ABOUT_RETURN_TYPE = YES_ERROR;
				GCC_WARN_UNDECLARED_SELECTOR = YES;
				GCC_WARN_UNINITIALIZED_AUTOS = YES_AGGRESSIVE;
				GCC_WARN_UNUSED_FUNCTION = YES;
				GCC_WARN_UNUSED_VARIABLE = YES;
				LOCALIZATION_PREFERS_STRING_CATALOGS = YES;
				MTL_ENABLE_DEBUG_INFO = INCLUDE_SOURCE;
				MTL_FAST_MATH = YES;
				ONLY_ACTIVE_ARCH = YES;
				SWIFT_ACTIVE_COMPILATION_CONDITIONS = "DEBUG $(inherited)";
				SWIFT_OPTIMIZATION_LEVEL = "-Onone";
			};
			name = Debug;
		};
		D8A3DBDA2DC3B9DF00A57F75 /* Release */ = {
			isa = XCBuildConfiguration;
			buildSettings = {
				ALWAYS_SEARCH_USER_PATHS = NO;
				ASSETCATALOG_COMPILER_GENERATE_SWIFT_ASSET_SYMBOL_EXTENSIONS = YES;
				CLANG_ANALYZER_NONNULL = YES;
				CLANG_ANALYZER_NUMBER_OBJECT_CONVERSION = YES_AGGRESSIVE;
				CLANG_CXX_LANGUAGE_STANDARD = "gnu++20";
				CLANG_ENABLE_MODULES = YES;
				CLANG_ENABLE_OBJC_ARC = YES;
				CLANG_ENABLE_OBJC_WEAK = YES;
				CLANG_WARN_BLOCK_CAPTURE_AUTORELEASING = YES;
				CLANG_WARN_BOOL_CONVERSION = YES;
				CLANG_WARN_COMMA = YES;
				CLANG_WARN_CONSTANT_CONVERSION = YES;
				CLANG_WARN_DEPRECATED_OBJC_IMPLEMENTATIONS = YES;
				CLANG_WARN_DIRECT_OBJC_ISA_USAGE = YES_ERROR;
				CLANG_WARN_DOCUMENTATION_COMMENTS = YES;
				CLANG_WARN_EMPTY_BODY = YES;
				CLANG_WARN_ENUM_CONVERSION = YES;
				CLANG_WARN_INFINITE_RECURSION = YES;
				CLANG_WARN_INT_CONVERSION = YES;
				CLANG_WARN_NON_LITERAL_NULL_CONVERSION = YES;
				CLANG_WARN_OBJC_IMPLICIT_RETAIN_SELF = YES;
				CLANG_WARN_OBJC_LITERAL_CONVERSION = YES;
				CLANG_WARN_OBJC_ROOT_CLASS = YES_ERROR;
				CLANG_WARN_QUOTED_INCLUDE_IN_FRAMEWORK_HEADER = YES;
				CLANG_WARN_RANGE_LOOP_ANALYSIS = YES;
				CLANG_WARN_STRICT_PROTOTYPES = YES;
				CLANG_WARN_SUSPICIOUS_MOVE = YES;
				CLANG_WARN_UNGUARDED_AVAILABILITY = YES_AGGRESSIVE;
				CLANG_WARN_UNREACHABLE_CODE = YES;
				CLANG_WARN__DUPLICATE_METHOD_MATCH = YES;
				COPY_PHASE_STRIP = NO;
				DEBUG_INFORMATION_FORMAT = "dwarf-with-dsym";
				ENABLE_NS_ASSERTIONS = NO;
				ENABLE_STRICT_OBJC_MSGSEND = YES;
				ENABLE_USER_SCRIPT_SANDBOXING = YES;
				GCC_C_LANGUAGE_STANDARD = gnu17;
				GCC_NO_COMMON_BLOCKS = YES;
				GCC_WARN_64_TO_32_BIT_CONVERSION = YES;
				GCC_WARN_ABOUT_RETURN_TYPE = YES_ERROR;
				GCC_WARN_UNDECLARED_SELECTOR = YES;
				GCC_WARN_UNINITIALIZED_AUTOS = YES_AGGRESSIVE;
				GCC_WARN_UNUSED_FUNCTION = YES;
				GCC_WARN_UNUSED_VARIABLE = YES;
				LOCALIZATION_PREFERS_STRING_CATALOGS = YES;
				MTL_ENABLE_DEBUG_INFO = NO;
				MTL_FAST_MATH = YES;
				SWIFT_COMPILATION_MODE = wholemodule;
			};
			name = Release;
		};
		D8A3DBDC2DC3B9DF00A57F75 /* Debug */ = {
			isa = XCBuildConfiguration;
			buildSettings = {
				ASSETCATALOG_COMPILER_APPICON_NAME = AppIcon;
				ASSETCATALOG_COMPILER_GLOBAL_ACCENT_COLOR_NAME = AccentColor;
				CODE_SIGN_ENTITLEMENTS = "Always On Top Timer/Always_On_Top_Timer.entitlements";
				CODE_SIGN_STYLE = Automatic;
				CURRENT_PROJECT_VERSION = 1;
				ENABLE_PREVIEWS = YES;
				GENERATE_INFOPLIST_FILE = YES;
				"INFOPLIST_KEY_UIApplicationSceneManifest_Generation[sdk=iphoneos*]" = YES;
				"INFOPLIST_KEY_UIApplicationSceneManifest_Generation[sdk=iphonesimulator*]" = YES;
				"INFOPLIST_KEY_UIApplicationSupportsIndirectInputEvents[sdk=iphoneos*]" = YES;
				"INFOPLIST_KEY_UIApplicationSupportsIndirectInputEvents[sdk=iphonesimulator*]" = YES;
				"INFOPLIST_KEY_UILaunchScreen_Generation[sdk=iphoneos*]" = YES;
				"INFOPLIST_KEY_UILaunchScreen_Generation[sdk=iphonesimulator*]" = YES;
				"INFOPLIST_KEY_UIStatusBarStyle[sdk=iphoneos*]" = UIStatusBarStyleDefault;
				"INFOPLIST_KEY_UIStatusBarStyle[sdk=iphonesimulator*]" = UIStatusBarStyleDefault;
				INFOPLIST_KEY_UISupportedInterfaceOrientations_iPad = "UIInterfaceOrientationPortrait UIInterfaceOrientationPortraitUpsideDown UIInterfaceOrientationLandscapeLeft UIInterfaceOrientationLandscapeRight";
				INFOPLIST_KEY_UISupportedInterfaceOrientations_iPhone = "UIInterfaceOrientationPortrait UIInterfaceOrientationLandscapeLeft UIInterfaceOrientationLandscapeRight";
				IPHONEOS_DEPLOYMENT_TARGET = 18.4;
				LD_RUNPATH_SEARCH_PATHS = "@executable_path/Frameworks";
				"LD_RUNPATH_SEARCH_PATHS[sdk=macosx*]" = "@executable_path/../Frameworks";
				MACOSX_DEPLOYMENT_TARGET = 15.4;
				MARKETING_VERSION = 1.0;
				PRODUCT_BUNDLE_IDENTIFIER = "novadevel.Always-On-Top-Timer";
				PRODUCT_NAME = "$(TARGET_NAME)";
				REGISTER_APP_GROUPS = YES;
				SDKROOT = auto;
				SUPPORTED_PLATFORMS = "iphoneos iphonesimulator macosx xros xrsimulator";
				SWIFT_EMIT_LOC_STRINGS = YES;
				SWIFT_VERSION = 5.0;
				TARGETED_DEVICE_FAMILY = "1,2,7";
				XROS_DEPLOYMENT_TARGET = 2.4;
			};
			name = Debug;
		};
		D8A3DBDD2DC3B9DF00A57F75 /* Release */ = {
			isa = XCBuildConfiguration;
			buildSettings = {
				ASSETCATALOG_COMPILER_APPICON_NAME = AppIcon;
				ASSETCATALOG_COMPILER_GLOBAL_ACCENT_COLOR_NAME = AccentColor;
				CODE_SIGN_ENTITLEMENTS = "Always On Top Timer/Always_On_Top_Timer.entitlements";
				CODE_SIGN_STYLE = Automatic;
				CURRENT_PROJECT_VERSION = 1;
				ENABLE_PREVIEWS = YES;
				GENERATE_INFOPLIST_FILE = YES;
				"INFOPLIST_KEY_UIApplicationSceneManifest_Generation[sdk=iphoneos*]" = YES;
				"INFOPLIST_KEY_UIApplicationSceneManifest_Generation[sdk=iphonesimulator*]" = YES;
				"INFOPLIST_KEY_UIApplicationSupportsIndirectInputEvents[sdk=iphoneos*]" = YES;
				"INFOPLIST_KEY_UIApplicationSupportsIndirectInputEvents[sdk=iphonesimulator*]" = YES;
				"INFOPLIST_KEY_UILaunchScreen_Generation[sdk=iphoneos*]" = YES;
				"INFOPLIST_KEY_UILaunchScreen_Generation[sdk=iphonesimulator*]" = YES;
				"INFOPLIST_KEY_UIStatusBarStyle[sdk=iphoneos*]" = UIStatusBarStyleDefault;
				"INFOPLIST_KEY_UIStatusBarStyle[sdk=iphonesimulator*]" = UIStatusBarStyleDefault;
				INFOPLIST_KEY_UISupportedInterfaceOrientations_iPad = "UIInterfaceOrientationPortrait UIInterfaceOrientationPortraitUpsideDown UIInterfaceOrientationLandscapeLeft UIInterfaceOrientationLandscapeRight";
				INFOPLIST_KEY_UISupportedInterfaceOrientations_iPhone = "UIInterfaceOrientationPortrait UIInterfaceOrientationLandscapeLeft UIInterfaceOrientationLandscapeRight";
				IPHONEOS_DEPLOYMENT_TARGET = 18.4;
				LD_RUNPATH_SEARCH_PATHS = "@executable_path/Frameworks";
				"LD_RUNPATH_SEARCH_PATHS[sdk=macosx*]" = "@executable_path/../Frameworks";
				MACOSX_DEPLOYMENT_TARGET = 15.4;
				MARKETING_VERSION = 1.0;
				PRODUCT_BUNDLE_IDENTIFIER = "novadevel.Always-On-Top-Timer";
				PRODUCT_NAME = "$(TARGET_NAME)";
				REGISTER_APP_GROUPS = YES;
				SDKROOT = auto;
				SUPPORTED_PLATFORMS = "iphoneos iphonesimulator macosx xros xrsimulator";
				SWIFT_EMIT_LOC_STRINGS = YES;
				SWIFT_VERSION = 5.0;
				TARGETED_DEVICE_FAMILY = "1,2,7";
				XROS_DEPLOYMENT_TARGET = 2.4;
			};
			name = Release;
		};
		D8A3DBDF2DC3B9DF00A57F75 /* Debug */ = {
			isa = XCBuildConfiguration;
			buildSettings = {
				BUNDLE_LOADER = "$(TEST_HOST)";
				CODE_SIGN_STYLE = Automatic;
				CURRENT_PROJECT_VERSION = 1;
				GENERATE_INFOPLIST_FILE = YES;
				IPHONEOS_DEPLOYMENT_TARGET = 18.4;
				MACOSX_DEPLOYMENT_TARGET = 15.4;
				MARKETING_VERSION = 1.0;
				PRODUCT_BUNDLE_IDENTIFIER = "novadevel.Always-On-Top-TimerTests";
				PRODUCT_NAME = "$(TARGET_NAME)";
				SDKROOT = auto;
				SUPPORTED_PLATFORMS = "iphoneos iphonesimulator macosx xros xrsimulator";
				SWIFT_EMIT_LOC_STRINGS = NO;
				SWIFT_VERSION = 5.0;
				TARGETED_DEVICE_FAMILY = "1,2,7";
				TEST_HOST = "$(BUILT_PRODUCTS_DIR)/Always On Top Timer.app/$(BUNDLE_EXECUTABLE_FOLDER_PATH)/Always On Top Timer";
				XROS_DEPLOYMENT_TARGET = 2.4;
			};
			name = Debug;
		};
		D8A3DBE02DC3B9DF00A57F75 /* Release */ = {
			isa = XCBuildConfiguration;
			buildSettings = {
				BUNDLE_LOADER = "$(TEST_HOST)";
				CODE_SIGN_STYLE = Automatic;
				CURRENT_PROJECT_VERSION = 1;
				GENERATE_INFOPLIST_FILE = YES;
				IPHONEOS_DEPLOYMENT_TARGET = 18.4;
				MACOSX_DEPLOYMENT_TARGET = 15.4;
				MARKETING_VERSION = 1.0;
				PRODUCT_BUNDLE_IDENTIFIER = "novadevel.Always-On-Top-TimerTests";
				PRODUCT_NAME = "$(TARGET_NAME)";
				SDKROOT = auto;
				SUPPORTED_PLATFORMS = "iphoneos iphonesimulator macosx xros xrsimulator";
				SWIFT_EMIT_LOC_STRINGS = NO;
				SWIFT_VERSION = 5.0;
				TARGETED_DEVICE_FAMILY = "1,2,7";
				TEST_HOST = "$(BUILT_PRODUCTS_DIR)/Always On Top Timer.app/$(BUNDLE_EXECUTABLE_FOLDER_PATH)/Always On Top Timer";
				XROS_DEPLOYMENT_TARGET = 2.4;
			};
			name = Release;
		};
		D8A3DBE22DC3B9DF00A57F75 /* Debug */ = {
			isa = XCBuildConfiguration;
			buildSettings = {
				CODE_SIGN_STYLE = Automatic;
				CURRENT_PROJECT_VERSION = 1;
				GENERATE_INFOPLIST_FILE = YES;
				IPHONEOS_DEPLOYMENT_TARGET = 18.4;
				MACOSX_DEPLOYMENT_TARGET = 15.4;
				MARKETING_VERSION = 1.0;
				PRODUCT_BUNDLE_IDENTIFIER = "novadevel.Always-On-Top-TimerUITests";
				PRODUCT_NAME = "$(TARGET_NAME)";
				SDKROOT = auto;
				SUPPORTED_PLATFORMS = "iphoneos iphonesimulator macosx xros xrsimulator";
				SWIFT_EMIT_LOC_STRINGS = NO;
				SWIFT_VERSION = 5.0;
				TARGETED_DEVICE_FAMILY = "1,2,7";
				TEST_TARGET_NAME = "Always On Top Timer";
				XROS_DEPLOYMENT_TARGET = 2.4;
			};
			name = Debug;
		};
		D8A3DBE32DC3B9DF00A57F75 /* Release */ = {
			isa = XCBuildConfiguration;
			buildSettings = {
				CODE_SIGN_STYLE = Automatic;
				CURRENT_PROJECT_VERSION = 1;
				GENERATE_INFOPLIST_FILE = YES;
				IPHONEOS_DEPLOYMENT_TARGET = 18.4;
				MACOSX_DEPLOYMENT_TARGET = 15.4;
				MARKETING_VERSION = 1.0;
				PRODUCT_BUNDLE_IDENTIFIER = "novadevel.Always-On-Top-TimerUITests";
				PRODUCT_NAME = "$(TARGET_NAME)";
				SDKROOT = auto;
				SUPPORTED_PLATFORMS = "iphoneos iphonesimulator macosx xros xrsimulator";
				SWIFT_EMIT_LOC_STRINGS = NO;
				SWIFT_VERSION = 5.0;
				TARGETED_DEVICE_FAMILY = "1,2,7";
				TEST_TARGET_NAME = "Always On Top Timer";
				XROS_DEPLOYMENT_TARGET = 2.4;
			};
			name = Release;
		};
/* End XCBuildConfiguration section */

/* Begin XCConfigurationList section */
		D8A3DBB42DC3B9DD00A57F75 /* Build configuration list for PBXProject "Always On Top Timer" */ = {
			isa = XCConfigurationList;
			buildConfigurations = (
				D8A3DBD92DC3B9DF00A57F75 /* Debug */,
				D8A3DBDA2DC3B9DF00A57F75 /* Release */,
			);
			defaultConfigurationIsVisible = 0;
			defaultConfigurationName = Release;
		};
		D8A3DBDB2DC3B9DF00A57F75 /* Build configuration list for PBXNativeTarget "Always On Top Timer" */ = {
			isa = XCConfigurationList;
			buildConfigurations = (
				D8A3DBDC2DC3B9DF00A57F75 /* Debug */,
				D8A3DBDD2DC3B9DF00A57F75 /* Release */,
			);
			defaultConfigurationIsVisible = 0;
			defaultConfigurationName = Release;
		};
		D8A3DBDE2DC3B9DF00A57F75 /* Build configuration list for PBXNativeTarget "Always On Top TimerTests" */ = {
			isa = XCConfigurationList;
			buildConfigurations = (
				D8A3DBDF2DC3B9DF00A57F75 /* Debug */,
				D8A3DBE02DC3B9DF00A57F75 /* Release */,
			);
			defaultConfigurationIsVisible = 0;
			defaultConfigurationName = Release;
		};
		D8A3DBE12DC3B9DF00A57F75 /* Build configuration list for PBXNativeTarget "Always On Top TimerUITests" */ = {
			isa = XCConfigurationList;
			buildConfigurations = (
				D8A3DBE22DC3B9DF00A57F75 /* Debug */,
				D8A3DBE32DC3B9DF00A57F75 /* Release */,
			);
			defaultConfigurationIsVisible = 0;
			defaultConfigurationName = Release;
		};
/* End XCConfigurationList section */
	};
	rootObject = D8A3DBB12DC3B9DD00A57F75 /* Project object */;
}
